
Microsoft Visual Studio Solution File, Format Version 12.00
# Visual Studio Version 16
VisualStudioVersion = 16.0.29728.190
MinimumVisualStudioVersion = 10.0.40219.1
Project("{FAE04EC0-301F-11D3-BF4B-00C04F79EFBC}") = "task1", "task1.csproj", "{EB3540DF-BF6A-45E0-A15F-38C62CFC12DA}"
EndProject
Global
	GlobalSection(SolutionConfigurationPlatforms) = preSolution
		Debug|Any CPU = Debug|Any CPU
		Release|Any CPU = Release|Any CPU
	EndGlobalSection
	GlobalSection(ProjectConfigurationPlatforms) = postSolution
		{EB3540DF-BF6A-45E0-A15F-38C62CFC12DA}.Debug|Any CPU.ActiveCfg = Debug|Any CPU
		{EB3540DF-BF6A-45E0-A15F-38C62CFC12DA}.Debug|Any CPU.Build.0 = Debug|Any CPU
		{EB3540DF-BF6A-45E0-A15F-38C62CFC12DA}.Release|Any CPU.ActiveCfg = Release|Any CPU
		{EB3540DF-BF6A-45E0-A15F-38C62CFC12DA}.Release|Any CPU.Build.0 = Release|Any CPU
	EndGlobalSection
	GlobalSection(SolutionProperties) = preSolution
		HideSolutionNode = FALSE
	EndGlobalSection
	GlobalSection(ExtensibilityGlobals) = postSolution
		SolutionGuid = {15E8D15E-9B5B-43B9-B549-007BEB32F811}
	EndGlobalSection
EndGlobal
